# This file was autogenerated by Stack.
# You should not edit this file by hand.
# For more information, please see the documentation at:
#   https://docs.haskellstack.org/en/stable/lock_files

packages:
- completed:
    hackage: bowtie-0.4.0@sha256:e64019d9a50df855ea74e1260e2991cc9f79dc489f7ec75996664c067365ba92,2062
    pantry-tree:
      sha256: 84b4615719948835d4982d39f6d4dc0272909f79998b6f796cfffca3aa7968a8
      size: 693
  original:
    hackage: bowtie-0.4.0
- completed:
    hackage: dahdit-0.7.0@sha256:d827315a94b6c27a751f65a39fcc0c1c577be2a175fd562893954fb81780c1df,3683
    pantry-tree:
      sha256: c9d3da2feab660363b2a2861eebb4b92f3a38983e73354c647818d8dd4fac4ad
      size: 1135
  original:
    hackage: dahdit-0.7.0
- completed:
    hackage: dahdit-network-0.7.0@sha256:8abf51c433ed819eb8d9dcc5d27cbfc3329fa3eab86f73ff949a53706b1fb5f9,3000
    pantry-tree:
      sha256: 2b0d7ba2291d2ce41cbb179bb6b43538d41c1e2e51b4e488dad636185e9b15dd
      size: 227
  original:
    hackage: dahdit-network-0.7.0
- completed:
    hackage: dahdit-midi-0.7.0@sha256:84a9c856905b3ef281f3d8c5ef982cb22fa16bfa245b1c7e93c755a943e17b68,3425
    pantry-tree:
      sha256: aedb5cd10705d62978063c401fb762bcf7e4c1682b69c0e2eb1ffbe384178c24
      size: 562
  original:
    hackage: dahdit-midi-0.7.0
- completed:
    hackage: data-sword-0.2.0.3@sha256:953cca4b4533a388df0ef17e06ac5530652d1d73decfe8b656242ccdf4b40999,1568
    pantry-tree:
      sha256: 60a104a3d3cbba2e099a9e7ce561322b2884f5323cf74fd876dfb59f265d803c
      size: 439
  original:
    hackage: data-sword-0.2.0.3
- completed:
    hackage: daytripper-1.0.0@sha256:ad21982bd08e4d5f542ed81020d34c4f0e8ff628b7e559a542c549ac7bbcb2c4,3031
    pantry-tree:
      sha256: c850279a8bd2fa79fc9da7021bc8e11dc403ea231f169da249dc318299a5c7be
      size: 225
  original:
    hackage: daytripper-1.0.0
- completed:
    hackage: libremidi-0.4.0@sha256:f4597f0f42a4eb58698dcf98246d90d3699cde16f5b34b76903759fe6fe436b1,23951
    pantry-tree:
      sha256: 592ed604e3dd0f572bb53eb8524bdbb64570a204e95a12d3b4bb48dcb7386f36
      size: 11450
  original:
    hackage: libremidi-0.4.0
- completed:
    hackage: little-logger-3.0.1@sha256:2c02988018d823aaedee7f6bcf2cf249c7c43bf2e2f3db38281a7f9866b0347b,2217
    pantry-tree:
      sha256: c0377ec8f705acdb2358a69a82b3cdcc566be3463f61ed60c553fa782be1f673
      size: 272
  original:
    hackage: little-logger-3.0.1
- completed:
    hackage: looksee-0.8.0@sha256:4d7651657df1b7408d1085a521acd8088a83333992879d6a9bc1ba944cf12fe1,3261
    pantry-tree:
      sha256: 42096efa405eeff36843ab3d23272dd62eec0a1d32a918692768a6cda8bff73a
      size: 279
  original:
    hackage: looksee-0.8.0
- completed:
    hackage: nanotime-0.3.2@sha256:fe49cf850141904340401d1af79a1685009cfd7b615f8cbe3ae45105db535db6,2827
    pantry-tree:
      sha256: 0b9f7fea8c3c172be517f6849186ed545254ba5d011ee0a8ad360455bed79c78
      size: 168
  original:
    hackage: nanotime-0.3.2
- completed:
    hackage: prop-unit-1.0.1@sha256:db1fdcc30294c15beff28cc62a5baf34a9d217bea3f3fa49720b406f3fc4e94b,3035
    pantry-tree:
      sha256: 84c321efc37e92481c584086a5b85967b991ee5bb17b3db856221d6eef8480b1
      size: 466
  original:
    hackage: prop-unit-1.0.1
snapshots:
- completed:
    sha256: 18514ff1ed00330c922bd8d28d88a54670a9849f17eb07dc78391a94d576749d
    size: 678854
    url: https://raw.githubusercontent.com/commercialhaskell/stackage-snapshots/master/lts/23/1.yaml
  original: lts-23.1
