# This file was autogenerated by Stack.
# You should not edit this file by hand.
# For more information, please see the documentation at:
#   https://docs.haskellstack.org/en/stable/lock_files

packages:
- completed:
    hackage: bowtie-0.3.1@sha256:75386b80c198e948c36e3647df9619f48fcaaf3cd38edafa66bc4a0614fbe613,1848
    pantry-tree:
      sha256: 0164d98ecc676e9b95dddc53dc175888213c8c957db114d3748db755ecca9658
      size: 221
  original:
    hackage: bowtie-0.3.1
- completed:
    hackage: dahdit-0.5.1@sha256:f583794914a2c775f3e59fe4ef1d39c5ab827ff27894da32f7ae0de4ea9f15b1,3704
    pantry-tree:
      sha256: 9b42c87254506abaa97962be7cdd558388ae0e77bf13678017a97c6feddf773b
      size: 1135
  original:
    hackage: dahdit-0.5.1
- completed:
    hackage: dahdit-network-0.5.2@sha256:1c75b1a3eb74a194ea9a0bc6606703735eb803e899727a72ef4de29aab235641,2968
    pantry-tree:
      sha256: 3ef6365a3aea81140e56b2034d4f5954ce03a1d8d589c11e80ac2f8b79b1edc0
      size: 227
  original:
    hackage: dahdit-network-0.5.2
- completed:
    hackage: dahdit-midi-0.5.5@sha256:a5914dd5e38e3df5d611b3b25ff4124e60123661825fb215552f935834147472,3395
    pantry-tree:
      sha256: 0ace41083dcfedb31dcf8a82bb74c5b12ee65ff28151c6983372017b2bba0269
      size: 562
  original:
    hackage: dahdit-midi-0.5.5
- completed:
    hackage: data-sword-0.2.0.3@sha256:953cca4b4533a388df0ef17e06ac5530652d1d73decfe8b656242ccdf4b40999,1568
    pantry-tree:
      sha256: 60a104a3d3cbba2e099a9e7ce561322b2884f5323cf74fd876dfb59f265d803c
      size: 439
  original:
    hackage: data-sword-0.2.0.3
- completed:
    hackage: daytripper-0.3.1@sha256:225a6e9348c2b5b6e0a55d408559b55df06f1365d5741d2f9d1856d8632769ae,2985
    pantry-tree:
      sha256: 5b714aec8cd526cec33a5b269f332d59fe8587e20cb83af9a5e7c3b53ddde351
      size: 225
  original:
    hackage: daytripper-0.3.1
- completed:
    hackage: little-logger-1.0.2@sha256:2d6d58195bffc687a4ced58aff4773acc2929147fa6ace54821ed6eb1c0331fc,2223
    pantry-tree:
      sha256: 04234f2351a37f0931885c1b7771370024c3b148f18f9efd4876f0cf2a110dc5
      size: 272
  original:
    hackage: little-logger-1.0.2
- completed:
    hackage: falsify-0.2.0@sha256:a9ec175cfb20dc5afeedac69f424c77589729fce23733030abf22dc2053abc41,5265
    pantry-tree:
      sha256: c798208320e84b3d05564d73a63c6686499a68d667e33e2b8873035f15eaf81b
      size: 3378
  original:
    hackage: falsify-0.2.0
- completed:
    hackage: looksee-0.5.2@sha256:47046ae5f719348ed4d90d757fb89d231c20dac944c06848f430bd7dfaeeac85,3158
    pantry-tree:
      sha256: 95484bf869be4460ab8df3a49c2b76947bd07309cf4a8cf4c65d188a4f69a3d3
      size: 279
  original:
    hackage: looksee-0.5.2
- completed:
    hackage: nanotime-0.3.2@sha256:fe49cf850141904340401d1af79a1685009cfd7b615f8cbe3ae45105db535db6,2827
    pantry-tree:
      sha256: 0b9f7fea8c3c172be517f6849186ed545254ba5d011ee0a8ad360455bed79c78
      size: 168
  original:
    hackage: nanotime-0.3.2
- completed:
    hackage: RtMidi-0.8.0.0@sha256:23b0f994be7dc57478d17ff4e3fc359984317630cf5b6c4d59196e8e64106f1e,3892
    pantry-tree:
      sha256: a4d71450d4a51b8a1e25fe890570b6616d529bcfb46e2109206f3a767af7124f
      size: 861
  original:
    hackage: RtMidi-0.8.0.0
snapshots:
- completed:
    sha256: e2c529ccfb21501f98f639e056cbde50470b86256d9849d7a82d414ca23e4276
    size: 712898
    url: https://raw.githubusercontent.com/commercialhaskell/stackage-snapshots/master/lts/22/12.yaml
  original: lts-22.12
