# This file was autogenerated by Stack.
# You should not edit this file by hand.
# For more information, please see the documentation at:
#   https://docs.haskellstack.org/en/stable/lock_files

packages:
- completed:
    hackage: bowtie-0.2.0@sha256:1fea0ef4521f8c77544aa885f47d6999acf75db8f0b093fe639d24004a1fbe6f,1771
    pantry-tree:
      sha256: e72e660bb9ba5ec65ca5572f49fe4467a4a8fba7319e566131c373daaf9dc0af
      size: 159
  original:
    hackage: bowtie-0.2.0
- completed:
    hackage: dahdit-0.5.1@sha256:f583794914a2c775f3e59fe4ef1d39c5ab827ff27894da32f7ae0de4ea9f15b1,3704
    pantry-tree:
      sha256: 9b42c87254506abaa97962be7cdd558388ae0e77bf13678017a97c6feddf773b
      size: 1135
  original:
    hackage: dahdit-0.5.1
- completed:
    hackage: dahdit-network-0.5.2@sha256:1c75b1a3eb74a194ea9a0bc6606703735eb803e899727a72ef4de29aab235641,2968
    pantry-tree:
      sha256: 3ef6365a3aea81140e56b2034d4f5954ce03a1d8d589c11e80ac2f8b79b1edc0
      size: 227
  original:
    hackage: dahdit-network-0.5.2
- completed:
    hackage: dahdit-midi-0.5.5@sha256:a5914dd5e38e3df5d611b3b25ff4124e60123661825fb215552f935834147472,3395
    pantry-tree:
      sha256: 0ace41083dcfedb31dcf8a82bb74c5b12ee65ff28151c6983372017b2bba0269
      size: 562
  original:
    hackage: dahdit-midi-0.5.5
- completed:
    hackage: data-sword-0.2.0.3@sha256:953cca4b4533a388df0ef17e06ac5530652d1d73decfe8b656242ccdf4b40999,1568
    pantry-tree:
      sha256: 60a104a3d3cbba2e099a9e7ce561322b2884f5323cf74fd876dfb59f265d803c
      size: 439
  original:
    hackage: data-sword-0.2.0.3
- completed:
    hackage: daytripper-0.3.1@sha256:225a6e9348c2b5b6e0a55d408559b55df06f1365d5741d2f9d1856d8632769ae,2985
    pantry-tree:
      sha256: 5b714aec8cd526cec33a5b269f332d59fe8587e20cb83af9a5e7c3b53ddde351
      size: 225
  original:
    hackage: daytripper-0.3.1
- completed:
    hackage: falsify-0.2.0@sha256:a9ec175cfb20dc5afeedac69f424c77589729fce23733030abf22dc2053abc41,5265
    pantry-tree:
      sha256: c798208320e84b3d05564d73a63c6686499a68d667e33e2b8873035f15eaf81b
      size: 3378
  original:
    hackage: falsify-0.2.0
- completed:
    hackage: looksee-0.5.2@sha256:47046ae5f719348ed4d90d757fb89d231c20dac944c06848f430bd7dfaeeac85,3158
    pantry-tree:
      sha256: 95484bf869be4460ab8df3a49c2b76947bd07309cf4a8cf4c65d188a4f69a3d3
      size: 279
  original:
    hackage: looksee-0.5.2
- completed:
    hackage: nanotime-0.3.1@sha256:71f977311ef21cabd557fc44204b3aee72e70bc842bae9bf3a70ca697f294630,2827
    pantry-tree:
      sha256: 4764a249960a2abb4c06c260aa67a25a0f0ae58b45a60cc60eb5046ff66016e9
      size: 168
  original:
    hackage: nanotime-0.3.1
snapshots:
- completed:
    sha256: 7b975b104cb3dbf0c297dfd01f936a4d2ee523241dd0b1ae960522b833fe3027
    size: 714096
    url: https://raw.githubusercontent.com/commercialhaskell/stackage-snapshots/master/lts/22/7.yaml
  original: lts-22.7
